
Microsoft Visual Studio Solution File, Format Version 12.00
# Visual Studio Version 16
VisualStudioVersion = 16.0.31624.102
MinimumVisualStudioVersion = 10.0.40219.1
Project("{FAE04EC0-301F-11D3-BF4B-00C04F79EFBC}") = "App1.Android", "App1\App1.Android\App1.Android.csproj", "{1BDDDFCB-077E-4748-A61E-4176C6CBA384}"
EndProject
Project("{FAE04EC0-301F-11D3-BF4B-00C04F79EFBC}") = "App1.iOS", "App1\App1.iOS\App1.iOS.csproj", "{3FFFE4C2-FA78-4980-AFE2-15CA6250F95F}"
EndProject
Project("{FAE04EC0-301F-11D3-BF4B-00C04F79EFBC}") = "App1", "App1\App1\App1.csproj", "{ABD680DD-AFF5-4981-BB85-FDB3DF831317}"
EndProject
Global
	GlobalSection(SolutionConfigurationPlatforms) = preSolution
		Debug|Any CPU = Debug|Any CPU
		Debug|iPhone = Debug|iPhone
		Debug|iPhoneSimulator = Debug|iPhoneSimulator
		Release|Any CPU = Release|Any CPU
		Release|iPhone = Release|iPhone
		Release|iPhoneSimulator = Release|iPhoneSimulator
	EndGlobalSection
	GlobalSection(ProjectConfigurationPlatforms) = postSolution
		{1BDDDFCB-077E-4748-A61E-4176C6CBA384}.Debug|Any CPU.ActiveCfg = Debug|Any CPU
		{1BDDDFCB-077E-4748-A61E-4176C6CBA384}.Debug|Any CPU.Build.0 = Debug|Any CPU
		{1BDDDFCB-077E-4748-A61E-4176C6CBA384}.Debug|Any CPU.Deploy.0 = Debug|Any CPU
		{1BDDDFCB-077E-4748-A61E-4176C6CBA384}.Debug|iPhone.ActiveCfg = Debug|Any CPU
		{1BDDDFCB-077E-4748-A61E-4176C6CBA384}.Debug|iPhone.Build.0 = Debug|Any CPU
		{1BDDDFCB-077E-4748-A61E-4176C6CBA384}.Debug|iPhone.Deploy.0 = Debug|Any CPU
		{1BDDDFCB-077E-4748-A61E-4176C6CBA384}.Debug|iPhoneSimulator.ActiveCfg = Debug|Any CPU
		{1BDDDFCB-077E-4748-A61E-4176C6CBA384}.Debug|iPhoneSimulator.Build.0 = Debug|Any CPU
		{1BDDDFCB-077E-4748-A61E-4176C6CBA384}.Debug|iPhoneSimulator.Deploy.0 = Debug|Any CPU
		{1BDDDFCB-077E-4748-A61E-4176C6CBA384}.Release|Any CPU.ActiveCfg = Release|Any CPU
		{1BDDDFCB-077E-4748-A61E-4176C6CBA384}.Release|Any CPU.Build.0 = Release|Any CPU
		{1BDDDFCB-077E-4748-A61E-4176C6CBA384}.Release|Any CPU.Deploy.0 = Release|Any CPU
		{1BDDDFCB-077E-4748-A61E-4176C6CBA384}.Release|iPhone.ActiveCfg = Release|Any CPU
		{1BDDDFCB-077E-4748-A61E-4176C6CBA384}.Release|iPhone.Build.0 = Release|Any CPU
		{1BDDDFCB-077E-4748-A61E-4176C6CBA384}.Release|iPhone.Deploy.0 = Release|Any CPU
		{1BDDDFCB-077E-4748-A61E-4176C6CBA384}.Release|iPhoneSimulator.ActiveCfg = Release|Any CPU
		{1BDDDFCB-077E-4748-A61E-4176C6CBA384}.Release|iPhoneSimulator.Build.0 = Release|Any CPU
		{1BDDDFCB-077E-4748-A61E-4176C6CBA384}.Release|iPhoneSimulator.Deploy.0 = Release|Any CPU
		{3FFFE4C2-FA78-4980-AFE2-15CA6250F95F}.Debug|Any CPU.ActiveCfg = Debug|iPhone
		{3FFFE4C2-FA78-4980-AFE2-15CA6250F95F}.Debug|Any CPU.Build.0 = Debug|iPhone
		{3FFFE4C2-FA78-4980-AFE2-15CA6250F95F}.Debug|Any CPU.Deploy.0 = Debug|iPhone
		{3FFFE4C2-FA78-4980-AFE2-15CA6250F95F}.Debug|iPhone.ActiveCfg = Debug|iPhone
		{3FFFE4C2-FA78-4980-AFE2-15CA6250F95F}.Debug|iPhone.Build.0 = Debug|iPhone
		{3FFFE4C2-FA78-4980-AFE2-15CA6250F95F}.Debug|iPhone.Deploy.0 = Debug|iPhone
		{3FFFE4C2-FA78-4980-AFE2-15CA6250F95F}.Debug|iPhoneSimulator.ActiveCfg = Debug|iPhoneSimulator
		{3FFFE4C2-FA78-4980-AFE2-15CA6250F95F}.Debug|iPhoneSimulator.Build.0 = Debug|iPhoneSimulator
		{3FFFE4C2-FA78-4980-AFE2-15CA6250F95F}.Debug|iPhoneSimulator.Deploy.0 = Debug|iPhoneSimulator
		{3FFFE4C2-FA78-4980-AFE2-15CA6250F95F}.Release|Any CPU.ActiveCfg = Release|iPhoneSimulator
		{3FFFE4C2-FA78-4980-AFE2-15CA6250F95F}.Release|Any CPU.Build.0 = Release|iPhoneSimulator
		{3FFFE4C2-FA78-4980-AFE2-15CA6250F95F}.Release|Any CPU.Deploy.0 = Release|iPhoneSimulator
		{3FFFE4C2-FA78-4980-AFE2-15CA6250F95F}.Release|iPhone.ActiveCfg = Release|iPhone
		{3FFFE4C2-FA78-4980-AFE2-15CA6250F95F}.Release|iPhone.Build.0 = Release|iPhone
		{3FFFE4C2-FA78-4980-AFE2-15CA6250F95F}.Release|iPhone.Deploy.0 = Release|iPhone
		{3FFFE4C2-FA78-4980-AFE2-15CA6250F95F}.Release|iPhoneSimulator.ActiveCfg = Release|iPhoneSimulator
		{3FFFE4C2-FA78-4980-AFE2-15CA6250F95F}.Release|iPhoneSimulator.Build.0 = Release|iPhoneSimulator
		{3FFFE4C2-FA78-4980-AFE2-15CA6250F95F}.Release|iPhoneSimulator.Deploy.0 = Release|iPhoneSimulator
		{ABD680DD-AFF5-4981-BB85-FDB3DF831317}.Debug|Any CPU.ActiveCfg = Debug|Any CPU
		{ABD680DD-AFF5-4981-BB85-FDB3DF831317}.Debug|Any CPU.Build.0 = Debug|Any CPU
		{ABD680DD-AFF5-4981-BB85-FDB3DF831317}.Debug|Any CPU.Deploy.0 = Debug|Any CPU
		{ABD680DD-AFF5-4981-BB85-FDB3DF831317}.Debug|iPhone.ActiveCfg = Debug|Any CPU
		{ABD680DD-AFF5-4981-BB85-FDB3DF831317}.Debug|iPhone.Build.0 = Debug|Any CPU
		{ABD680DD-AFF5-4981-BB85-FDB3DF831317}.Debug|iPhone.Deploy.0 = Debug|Any CPU
		{ABD680DD-AFF5-4981-BB85-FDB3DF831317}.Debug|iPhoneSimulator.ActiveCfg = Debug|Any CPU
		{ABD680DD-AFF5-4981-BB85-FDB3DF831317}.Debug|iPhoneSimulator.Build.0 = Debug|Any CPU
		{ABD680DD-AFF5-4981-BB85-FDB3DF831317}.Debug|iPhoneSimulator.Deploy.0 = Debug|Any CPU
		{ABD680DD-AFF5-4981-BB85-FDB3DF831317}.Release|Any CPU.ActiveCfg = Release|Any CPU
		{ABD680DD-AFF5-4981-BB85-FDB3DF831317}.Release|Any CPU.Build.0 = Release|Any CPU
		{ABD680DD-AFF5-4981-BB85-FDB3DF831317}.Release|Any CPU.Deploy.0 = Release|Any CPU
		{ABD680DD-AFF5-4981-BB85-FDB3DF831317}.Release|iPhone.ActiveCfg = Release|Any CPU
		{ABD680DD-AFF5-4981-BB85-FDB3DF831317}.Release|iPhone.Build.0 = Release|Any CPU
		{ABD680DD-AFF5-4981-BB85-FDB3DF831317}.Release|iPhone.Deploy.0 = Release|Any CPU
		{ABD680DD-AFF5-4981-BB85-FDB3DF831317}.Release|iPhoneSimulator.ActiveCfg = Release|Any CPU
		{ABD680DD-AFF5-4981-BB85-FDB3DF831317}.Release|iPhoneSimulator.Build.0 = Release|Any CPU
		{ABD680DD-AFF5-4981-BB85-FDB3DF831317}.Release|iPhoneSimulator.Deploy.0 = Release|Any CPU
	EndGlobalSection
	GlobalSection(SolutionProperties) = preSolution
		HideSolutionNode = FALSE
	EndGlobalSection
	GlobalSection(ExtensibilityGlobals) = postSolution
		SolutionGuid = {BDB49579-3318-40DC-A6B0-F25A1DF56682}
	EndGlobalSection
EndGlobal
